// !$*UTF8*$!
{
	archiveVersion = 1;
	classes = {
	};
	objectVersion = 46;
	objects = {

/* Begin PBXBuildFile section */
		5519EECD1AE67418005AA288 /* libxml2.dylib in Frameworks */ = {isa = PBXBuildFile; fileRef = 5519EECC1AE67418005AA288 /* libxml2.dylib */; };
		5519EECF1AE67424005AA288 /* libc++.dylib in Frameworks */ = {isa = PBXBuildFile; fileRef = 5519EECE1AE67424005AA288 /* libc++.dylib */; };
		5519EED11AE6742F005AA288 /* MobileCoreServices.framework in Frameworks */ = {isa = PBXBuildFile; fileRef = 5519EED01AE6742F005AA288 /* MobileCoreServices.framework */; };
		5519EED31AE6743B005AA288 /* CFNetwork.framework in Frameworks */ = {isa = PBXBuildFile; fileRef = 5519EED21AE6743B005AA288 /* CFNetwork.framework */; };
		5519EED51AE67448005AA288 /* libresolv.dylib in Frameworks */ = {isa = PBXBuildFile; fileRef = 5519EED41AE67448005AA288 /* libresolv.dylib */; };
		5519EED71AE67456005AA288 /* libz.dylib in Frameworks */ = {isa = PBXBuildFile; fileRef = 5519EED61AE67456005AA288 /* libz.dylib */; };
		5519EED91AE67462005AA288 /* SystemConfiguration.framework in Frameworks */ = {isa = PBXBuildFile; fileRef = 5519EED81AE67462005AA288 /* SystemConfiguration.framework */; };
		FB4DC4AD1B1F3AF50083A3A2 /* AppDelegate.m in Sources */ = {isa = PBXBuildFile; fileRef = FB4DC4531B1F3AF50083A3A2 /* AppDelegate.m */; };
		FB4DC4AE1B1F3AF50083A3A2 /* LaunchScreen.xib in Resources */ = {isa = PBXBuildFile; fileRef = FB4DC4541B1F3AF50083A3A2 /* LaunchScreen.xib */; };
		FB4DC4AF1B1F3AF50083A3A2 /* Main.storyboard in Resources */ = {isa = PBXBuildFile; fileRef = FB4DC4561B1F3AF50083A3A2 /* Main.storyboard */; };
		FB4DC4B01B1F3AF50083A3A2 /* Images.xcassets in Resources */ = {isa = PBXBuildFile; fileRef = FB4DC4581B1F3AF50083A3A2 /* Images.xcassets */; };
		FB4DC4B11B1F3AF50083A3A2 /* Info.plist in Resources */ = {isa = PBXBuildFile; fileRef = FB4DC4591B1F3AF50083A3A2 /* Info.plist */; };
		FB4DC4B21B1F3AF50083A3A2 /* main.m in Sources */ = {isa = PBXBuildFile; fileRef = FB4DC45A1B1F3AF50083A3A2 /* main.m */; };
		FB4DC4B31B1F3AF50083A3A2 /* NSString+QM.m in Sources */ = {isa = PBXBuildFile; fileRef = FB4DC45E1B1F3AF50083A3A2 /* NSString+QM.m */; };
		FB4DC4B41B1F3AF50083A3A2 /* UIColor+QM.m in Sources */ = {isa = PBXBuildFile; fileRef = FB4DC4601B1F3AF50083A3A2 /* UIColor+QM.m */; };
		FB4DC4B51B1F3AF50083A3A2 /* UIImage+QM.m in Sources */ = {isa = PBXBuildFile; fileRef = FB4DC4621B1F3AF50083A3A2 /* UIImage+QM.m */; };
		FB4DC4B61B1F3AF50083A3A2 /* UIView+QM.m in Sources */ = {isa = PBXBuildFile; fileRef = FB4DC4641B1F3AF50083A3A2 /* UIView+QM.m */; };
		FB4DC4B71B1F3AF50083A3A2 /* ChatAssets.xcassets in Resources */ = {isa = PBXBuildFile; fileRef = FB4DC4651B1F3AF50083A3A2 /* ChatAssets.xcassets */; };
		FB4DC4B81B1F3AF50083A3A2 /* QMChatViewController.xib in Resources */ = {isa = PBXBuildFile; fileRef = FB4DC4661B1F3AF50083A3A2 /* QMChatViewController.xib */; };
		FB4DC4B91B1F3AF50083A3A2 /* QMKeyboardController.m in Sources */ = {isa = PBXBuildFile; fileRef = FB4DC46A1B1F3AF50083A3A2 /* QMKeyboardController.m */; };
		FB4DC4BA1B1F3AF50083A3A2 /* QMChatViewController.m in Sources */ = {isa = PBXBuildFile; fileRef = FB4DC46F1B1F3AF50083A3A2 /* QMChatViewController.m */; };
		FB4DC4BB1B1F3AF50083A3A2 /* QMChatCell.m in Sources */ = {isa = PBXBuildFile; fileRef = FB4DC4741B1F3AF50083A3A2 /* QMChatCell.m */; };
		FB4DC4BC1B1F3AF50083A3A2 /* QMChatContactRequestCell.m in Sources */ = {isa = PBXBuildFile; fileRef = FB4DC4781B1F3AF50083A3A2 /* QMChatContactRequestCell.m */; };
		FB4DC4BD1B1F3AF50083A3A2 /* QMChatContactRequestCell.xib in Resources */ = {isa = PBXBuildFile; fileRef = FB4DC4791B1F3AF50083A3A2 /* QMChatContactRequestCell.xib */; };
		FB4DC4BE1B1F3AF50083A3A2 /* QMChatIncomingCell.m in Sources */ = {isa = PBXBuildFile; fileRef = FB4DC47C1B1F3AF50083A3A2 /* QMChatIncomingCell.m */; };
		FB4DC4BF1B1F3AF50083A3A2 /* QMChatIncomingCell.xib in Resources */ = {isa = PBXBuildFile; fileRef = FB4DC47D1B1F3AF50083A3A2 /* QMChatIncomingCell.xib */; };
		FB4DC4C01B1F3AF50083A3A2 /* QMChatOutgoingCell.xib in Resources */ = {isa = PBXBuildFile; fileRef = FB4DC47E1B1F3AF50083A3A2 /* QMChatOutgoingCell.xib */; };
		FB4DC4C11B1F3AF50083A3A2 /* QMChatNotificationCell.m in Sources */ = {isa = PBXBuildFile; fileRef = FB4DC4811B1F3AF50083A3A2 /* QMChatNotificationCell.m */; };
		FB4DC4C21B1F3AF50083A3A2 /* QMChatNotificationCell.xib in Resources */ = {isa = PBXBuildFile; fileRef = FB4DC4821B1F3AF50083A3A2 /* QMChatNotificationCell.xib */; };
		FB4DC4C31B1F3AF50083A3A2 /* QMChatOutgoingCell.m in Sources */ = {isa = PBXBuildFile; fileRef = FB4DC4851B1F3AF50083A3A2 /* QMChatOutgoingCell.m */; };
		FB4DC4C41B1F3AF50083A3A2 /* QMChatOutgoingCell.xib in Resources */ = {isa = PBXBuildFile; fileRef = FB4DC4861B1F3AF50083A3A2 /* QMChatOutgoingCell.xib */; };
		FB4DC4C51B1F3AF50083A3A2 /* QMChatCellLayoutAttributes.m in Sources */ = {isa = PBXBuildFile; fileRef = FB4DC48B1B1F3AF50083A3A2 /* QMChatCellLayoutAttributes.m */; };
		FB4DC4C61B1F3AF50083A3A2 /* QMChatCollectionViewFlowLayout.m in Sources */ = {isa = PBXBuildFile; fileRef = FB4DC48D1B1F3AF50083A3A2 /* QMChatCollectionViewFlowLayout.m */; };
		FB4DC4C71B1F3AF50083A3A2 /* QMCollectionViewFlowLayoutInvalidationContext.m in Sources */ = {isa = PBXBuildFile; fileRef = FB4DC48F1B1F3AF50083A3A2 /* QMCollectionViewFlowLayoutInvalidationContext.m */; };
		FB4DC4C81B1F3AF50083A3A2 /* QMChatCollectionView.m in Sources */ = {isa = PBXBuildFile; fileRef = FB4DC4911B1F3AF50083A3A2 /* QMChatCollectionView.m */; };
		FB4DC4C91B1F3AF50083A3A2 /* QMInputToolbar.m in Sources */ = {isa = PBXBuildFile; fileRef = FB4DC4951B1F3AF50083A3A2 /* QMInputToolbar.m */; };
		FB4DC4CA1B1F3AF50083A3A2 /* QMToolbarContentView.m in Sources */ = {isa = PBXBuildFile; fileRef = FB4DC4971B1F3AF50083A3A2 /* QMToolbarContentView.m */; };
		FB4DC4CB1B1F3AF50083A3A2 /* QMToolbarContentView.xib in Resources */ = {isa = PBXBuildFile; fileRef = FB4DC4981B1F3AF50083A3A2 /* QMToolbarContentView.xib */; };
		FB4DC4CC1B1F3AF50083A3A2 /* QMPlaceHolderTextView.m in Sources */ = {isa = PBXBuildFile; fileRef = FB4DC49B1B1F3AF50083A3A2 /* QMPlaceHolderTextView.m */; };
		FB4DC4CD1B1F3AF50083A3A2 /* TTTAttributedLabel.m in Sources */ = {isa = PBXBuildFile; fileRef = FB4DC49E1B1F3AF50083A3A2 /* TTTAttributedLabel.m */; };
		FB4DC4CE1B1F3AF50083A3A2 /* QMChatContainerView.m in Sources */ = {isa = PBXBuildFile; fileRef = FB4DC4A11B1F3AF50083A3A2 /* QMChatContainerView.m */; };
		FB4DC4CF1B1F3AF50083A3A2 /* QMLoadEarlierHeaderView.m in Sources */ = {isa = PBXBuildFile; fileRef = FB4DC4A51B1F3AF50083A3A2 /* QMLoadEarlierHeaderView.m */; };
		FB4DC4D01B1F3AF50083A3A2 /* QMLoadEarlierHeaderView.xib in Resources */ = {isa = PBXBuildFile; fileRef = FB4DC4A61B1F3AF50083A3A2 /* QMLoadEarlierHeaderView.xib */; };
		FB4DC4D11B1F3AF50083A3A2 /* QMTypingIndicatorFooterView.m in Sources */ = {isa = PBXBuildFile; fileRef = FB4DC4A91B1F3AF50083A3A2 /* QMTypingIndicatorFooterView.m */; };
		FB4DC4D21B1F3AF50083A3A2 /* QMTypingIndicatorFooterView.xib in Resources */ = {isa = PBXBuildFile; fileRef = FB4DC4AA1B1F3AF50083A3A2 /* QMTypingIndicatorFooterView.xib */; };
		FB4DC4D31B1F3AF50083A3A2 /* ViewController.m in Sources */ = {isa = PBXBuildFile; fileRef = FB4DC4AC1B1F3AF50083A3A2 /* ViewController.m */; };
		FB4DC4D51B1F3B2D0083A3A2 /* Quickblox.framework in Frameworks */ = {isa = PBXBuildFile; fileRef = FB4DC4D41B1F3B2D0083A3A2 /* Quickblox.framework */; };
/* End PBXBuildFile section */

/* Begin PBXFileReference section */
		5501A77D1AD2DA8F00D0AE0D /* QMChat.app */ = {isa = PBXFileReference; explicitFileType = wrapper.application; includeInIndex = 0; path = QMChat.app; sourceTree = BUILT_PRODUCTS_DIR; };
		5519EECC1AE67418005AA288 /* libxml2.dylib */ = {isa = PBXFileReference; lastKnownFileType = "compiled.mach-o.dylib"; name = libxml2.dylib; path = usr/lib/libxml2.dylib; sourceTree = SDKROOT; };
		5519EECE1AE67424005AA288 /* libc++.dylib */ = {isa = PBXFileReference; lastKnownFileType = "compiled.mach-o.dylib"; name = "libc++.dylib"; path = "usr/lib/libc++.dylib"; sourceTree = SDKROOT; };
		5519EED01AE6742F005AA288 /* MobileCoreServices.framework */ = {isa = PBXFileReference; lastKnownFileType = wrapper.framework; name = MobileCoreServices.framework; path = System/Library/Frameworks/MobileCoreServices.framework; sourceTree = SDKROOT; };
		5519EED21AE6743B005AA288 /* CFNetwork.framework */ = {isa = PBXFileReference; lastKnownFileType = wrapper.framework; name = CFNetwork.framework; path = System/Library/Frameworks/CFNetwork.framework; sourceTree = SDKROOT; };
		5519EED41AE67448005AA288 /* libresolv.dylib */ = {isa = PBXFileReference; lastKnownFileType = "compiled.mach-o.dylib"; name = libresolv.dylib; path = usr/lib/libresolv.dylib; sourceTree = SDKROOT; };
		5519EED61AE67456005AA288 /* libz.dylib */ = {isa = PBXFileReference; lastKnownFileType = "compiled.mach-o.dylib"; name = libz.dylib; path = usr/lib/libz.dylib; sourceTree = SDKROOT; };
		5519EED81AE67462005AA288 /* SystemConfiguration.framework */ = {isa = PBXFileReference; lastKnownFileType = wrapper.framework; name = SystemConfiguration.framework; path = System/Library/Frameworks/SystemConfiguration.framework; sourceTree = SDKROOT; };
		FB4DC4521B1F3AF50083A3A2 /* AppDelegate.h */ = {isa = PBXFileReference; fileEncoding = 4; lastKnownFileType = sourcecode.c.h; path = AppDelegate.h; sourceTree = "<group>"; };
		FB4DC4531B1F3AF50083A3A2 /* AppDelegate.m */ = {isa = PBXFileReference; fileEncoding = 4; lastKnownFileType = sourcecode.c.objc; path = AppDelegate.m; sourceTree = "<group>"; };
		FB4DC4551B1F3AF50083A3A2 /* Base */ = {isa = PBXFileReference; lastKnownFileType = file.xib; name = Base; path = Base.lproj/LaunchScreen.xib; sourceTree = "<group>"; };
		FB4DC4571B1F3AF50083A3A2 /* Base */ = {isa = PBXFileReference; lastKnownFileType = file.storyboard; name = Base; path = Base.lproj/Main.storyboard; sourceTree = "<group>"; };
		FB4DC4581B1F3AF50083A3A2 /* Images.xcassets */ = {isa = PBXFileReference; lastKnownFileType = folder.assetcatalog; path = Images.xcassets; sourceTree = "<group>"; };
		FB4DC4591B1F3AF50083A3A2 /* Info.plist */ = {isa = PBXFileReference; fileEncoding = 4; lastKnownFileType = text.plist.xml; path = Info.plist; sourceTree = "<group>"; };
		FB4DC45A1B1F3AF50083A3A2 /* main.m */ = {isa = PBXFileReference; fileEncoding = 4; lastKnownFileType = sourcecode.c.objc; path = main.m; sourceTree = "<group>"; };
		FB4DC45D1B1F3AF50083A3A2 /* NSString+QM.h */ = {isa = PBXFileReference; fileEncoding = 4; lastKnownFileType = sourcecode.c.h; path = "NSString+QM.h"; sourceTree = "<group>"; };
		FB4DC45E1B1F3AF50083A3A2 /* NSString+QM.m */ = {isa = PBXFileReference; fileEncoding = 4; lastKnownFileType = sourcecode.c.objc; path = "NSString+QM.m"; sourceTree = "<group>"; };
		FB4DC45F1B1F3AF50083A3A2 /* UIColor+QM.h */ = {isa = PBXFileReference; fileEncoding = 4; lastKnownFileType = sourcecode.c.h; path = "UIColor+QM.h"; sourceTree = "<group>"; };
		FB4DC4601B1F3AF50083A3A2 /* UIColor+QM.m */ = {isa = PBXFileReference; fileEncoding = 4; lastKnownFileType = sourcecode.c.objc; path = "UIColor+QM.m"; sourceTree = "<group>"; };
		FB4DC4611B1F3AF50083A3A2 /* UIImage+QM.h */ = {isa = PBXFileReference; fileEncoding = 4; lastKnownFileType = sourcecode.c.h; path = "UIImage+QM.h"; sourceTree = "<group>"; };
		FB4DC4621B1F3AF50083A3A2 /* UIImage+QM.m */ = {isa = PBXFileReference; fileEncoding = 4; lastKnownFileType = sourcecode.c.objc; path = "UIImage+QM.m"; sourceTree = "<group>"; };
		FB4DC4631B1F3AF50083A3A2 /* UIView+QM.h */ = {isa = PBXFileReference; fileEncoding = 4; lastKnownFileType = sourcecode.c.h; path = "UIView+QM.h"; sourceTree = "<group>"; };
		FB4DC4641B1F3AF50083A3A2 /* UIView+QM.m */ = {isa = PBXFileReference; fileEncoding = 4; lastKnownFileType = sourcecode.c.objc; path = "UIView+QM.m"; sourceTree = "<group>"; };
		FB4DC4651B1F3AF50083A3A2 /* ChatAssets.xcassets */ = {isa = PBXFileReference; lastKnownFileType = folder.assetcatalog; name = ChatAssets.xcassets; path = QMChatViewController/ChatAssets.xcassets; sourceTree = "<group>"; };
		FB4DC4671B1F3AF50083A3A2 /* en */ = {isa = PBXFileReference; lastKnownFileType = file.xib; name = en; path = en.lproj/QMChatViewController.xib; sourceTree = "<group>"; };
		FB4DC4691B1F3AF50083A3A2 /* QMKeyboardController.h */ = {isa = PBXFileReference; fileEncoding = 4; lastKnownFileType = sourcecode.c.h; path = QMKeyboardController.h; sourceTree = "<group>"; };
		FB4DC46A1B1F3AF50083A3A2 /* QMKeyboardController.m */ = {isa = PBXFileReference; fileEncoding = 4; lastKnownFileType = sourcecode.c.objc; path = QMKeyboardController.m; sourceTree = "<group>"; };
		FB4DC46C1B1F3AF50083A3A2 /* QMChatCollectionViewDataSource.h */ = {isa = PBXFileReference; fileEncoding = 4; lastKnownFileType = sourcecode.c.h; path = QMChatCollectionViewDataSource.h; sourceTree = "<group>"; };
		FB4DC46D1B1F3AF50083A3A2 /* QMChatCollectionViewDelegateFlowLayout.h */ = {isa = PBXFileReference; fileEncoding = 4; lastKnownFileType = sourcecode.c.h; path = QMChatCollectionViewDelegateFlowLayout.h; sourceTree = "<group>"; };
		FB4DC46E1B1F3AF50083A3A2 /* QMChatViewController.h */ = {isa = PBXFileReference; fileEncoding = 4; lastKnownFileType = sourcecode.c.h; path = QMChatViewController.h; sourceTree = "<group>"; };
		FB4DC46F1B1F3AF50083A3A2 /* QMChatViewController.m */ = {isa = PBXFileReference; fileEncoding = 4; lastKnownFileType = sourcecode.c.objc; path = QMChatViewController.m; sourceTree = "<group>"; };
		FB4DC4731B1F3AF50083A3A2 /* QMChatCell.h */ = {isa = PBXFileReference; fileEncoding = 4; lastKnownFileType = sourcecode.c.h; path = QMChatCell.h; sourceTree = "<group>"; };
		FB4DC4741B1F3AF50083A3A2 /* QMChatCell.m */ = {isa = PBXFileReference; fileEncoding = 4; lastKnownFileType = sourcecode.c.objc; path = QMChatCell.m; sourceTree = "<group>"; };
		FB4DC4751B1F3AF50083A3A2 /* QMImageViewProtocol.h */ = {isa = PBXFileReference; fileEncoding = 4; lastKnownFileType = sourcecode.c.h; path = QMImageViewProtocol.h; sourceTree = "<group>"; };
		FB4DC4771B1F3AF50083A3A2 /* QMChatContactRequestCell.h */ = {isa = PBXFileReference; fileEncoding = 4; lastKnownFileType = sourcecode.c.h; path = QMChatContactRequestCell.h; sourceTree = "<group>"; };
		FB4DC4781B1F3AF50083A3A2 /* QMChatContactRequestCell.m */ = {isa = PBXFileReference; fileEncoding = 4; lastKnownFileType = sourcecode.c.objc; path = QMChatContactRequestCell.m; sourceTree = "<group>"; };
		FB4DC4791B1F3AF50083A3A2 /* QMChatContactRequestCell.xib */ = {isa = PBXFileReference; fileEncoding = 4; lastKnownFileType = file.xib; path = QMChatContactRequestCell.xib; sourceTree = "<group>"; };
		FB4DC47B1B1F3AF50083A3A2 /* QMChatIncomingCell.h */ = {isa = PBXFileReference; fileEncoding = 4; lastKnownFileType = sourcecode.c.h; path = QMChatIncomingCell.h; sourceTree = "<group>"; };
		FB4DC47C1B1F3AF50083A3A2 /* QMChatIncomingCell.m */ = {isa = PBXFileReference; fileEncoding = 4; lastKnownFileType = sourcecode.c.objc; path = QMChatIncomingCell.m; sourceTree = "<group>"; };
		FB4DC47D1B1F3AF50083A3A2 /* QMChatIncomingCell.xib */ = {isa = PBXFileReference; fileEncoding = 4; lastKnownFileType = file.xib; path = QMChatIncomingCell.xib; sourceTree = "<group>"; };
		FB4DC47E1B1F3AF50083A3A2 /* QMChatOutgoingCell.xib */ = {isa = PBXFileReference; fileEncoding = 4; lastKnownFileType = file.xib; path = QMChatOutgoingCell.xib; sourceTree = "<group>"; };
		FB4DC4801B1F3AF50083A3A2 /* QMChatNotificationCell.h */ = {isa = PBXFileReference; fileEncoding = 4; lastKnownFileType = sourcecode.c.h; path = QMChatNotificationCell.h; sourceTree = "<group>"; };
		FB4DC4811B1F3AF50083A3A2 /* QMChatNotificationCell.m */ = {isa = PBXFileReference; fileEncoding = 4; lastKnownFileType = sourcecode.c.objc; path = QMChatNotificationCell.m; sourceTree = "<group>"; };
		FB4DC4821B1F3AF50083A3A2 /* QMChatNotificationCell.xib */ = {isa = PBXFileReference; fileEncoding = 4; lastKnownFileType = file.xib; path = QMChatNotificationCell.xib; sourceTree = "<group>"; };
		FB4DC4841B1F3AF50083A3A2 /* QMChatOutgoingCell.h */ = {isa = PBXFileReference; fileEncoding = 4; lastKnownFileType = sourcecode.c.h; path = QMChatOutgoingCell.h; sourceTree = "<group>"; };
		FB4DC4851B1F3AF50083A3A2 /* QMChatOutgoingCell.m */ = {isa = PBXFileReference; fileEncoding = 4; lastKnownFileType = sourcecode.c.objc; path = QMChatOutgoingCell.m; sourceTree = "<group>"; };
		FB4DC4861B1F3AF50083A3A2 /* QMChatOutgoingCell.xib */ = {isa = PBXFileReference; fileEncoding = 4; lastKnownFileType = file.xib; path = QMChatOutgoingCell.xib; sourceTree = "<group>"; };
		FB4DC48A1B1F3AF50083A3A2 /* QMChatCellLayoutAttributes.h */ = {isa = PBXFileReference; fileEncoding = 4; lastKnownFileType = sourcecode.c.h; path = QMChatCellLayoutAttributes.h; sourceTree = "<group>"; };
		FB4DC48B1B1F3AF50083A3A2 /* QMChatCellLayoutAttributes.m */ = {isa = PBXFileReference; fileEncoding = 4; lastKnownFileType = sourcecode.c.objc; path = QMChatCellLayoutAttributes.m; sourceTree = "<group>"; };
		FB4DC48C1B1F3AF50083A3A2 /* QMChatCollectionViewFlowLayout.h */ = {isa = PBXFileReference; fileEncoding = 4; lastKnownFileType = sourcecode.c.h; path = QMChatCollectionViewFlowLayout.h; sourceTree = "<group>"; };
		FB4DC48D1B1F3AF50083A3A2 /* QMChatCollectionViewFlowLayout.m */ = {isa = PBXFileReference; fileEncoding = 4; lastKnownFileType = sourcecode.c.objc; path = QMChatCollectionViewFlowLayout.m; sourceTree = "<group>"; };
		FB4DC48E1B1F3AF50083A3A2 /* QMCollectionViewFlowLayoutInvalidationContext.h */ = {isa = PBXFileReference; fileEncoding = 4; lastKnownFileType = sourcecode.c.h; path = QMCollectionViewFlowLayoutInvalidationContext.h; sourceTree = "<group>"; };
		FB4DC48F1B1F3AF50083A3A2 /* QMCollectionViewFlowLayoutInvalidationContext.m */ = {isa = PBXFileReference; fileEncoding = 4; lastKnownFileType = sourcecode.c.objc; path = QMCollectionViewFlowLayoutInvalidationContext.m; sourceTree = "<group>"; };
		FB4DC4901B1F3AF50083A3A2 /* QMChatCollectionView.h */ = {isa = PBXFileReference; fileEncoding = 4; lastKnownFileType = sourcecode.c.h; path = QMChatCollectionView.h; sourceTree = "<group>"; };
		FB4DC4911B1F3AF50083A3A2 /* QMChatCollectionView.m */ = {isa = PBXFileReference; fileEncoding = 4; lastKnownFileType = sourcecode.c.objc; path = QMChatCollectionView.m; sourceTree = "<group>"; };
		FB4DC4941B1F3AF50083A3A2 /* QMInputToolbar.h */ = {isa = PBXFileReference; fileEncoding = 4; lastKnownFileType = sourcecode.c.h; path = QMInputToolbar.h; sourceTree = "<group>"; };
		FB4DC4951B1F3AF50083A3A2 /* QMInputToolbar.m */ = {isa = PBXFileReference; fileEncoding = 4; lastKnownFileType = sourcecode.c.objc; path = QMInputToolbar.m; sourceTree = "<group>"; };
		FB4DC4961B1F3AF50083A3A2 /* QMToolbarContentView.h */ = {isa = PBXFileReference; fileEncoding = 4; lastKnownFileType = sourcecode.c.h; path = QMToolbarContentView.h; sourceTree = "<group>"; };
		FB4DC4971B1F3AF50083A3A2 /* QMToolbarContentView.m */ = {isa = PBXFileReference; fileEncoding = 4; lastKnownFileType = sourcecode.c.objc; path = QMToolbarContentView.m; sourceTree = "<group>"; };
		FB4DC4981B1F3AF50083A3A2 /* QMToolbarContentView.xib */ = {isa = PBXFileReference; fileEncoding = 4; lastKnownFileType = file.xib; path = QMToolbarContentView.xib; sourceTree = "<group>"; };
		FB4DC49A1B1F3AF50083A3A2 /* QMPlaceHolderTextView.h */ = {isa = PBXFileReference; fileEncoding = 4; lastKnownFileType = sourcecode.c.h; path = QMPlaceHolderTextView.h; sourceTree = "<group>"; };
		FB4DC49B1B1F3AF50083A3A2 /* QMPlaceHolderTextView.m */ = {isa = PBXFileReference; fileEncoding = 4; lastKnownFileType = sourcecode.c.objc; path = QMPlaceHolderTextView.m; sourceTree = "<group>"; };
		FB4DC49D1B1F3AF50083A3A2 /* TTTAttributedLabel.h */ = {isa = PBXFileReference; fileEncoding = 4; lastKnownFileType = sourcecode.c.h; path = TTTAttributedLabel.h; sourceTree = "<group>"; };
		FB4DC49E1B1F3AF50083A3A2 /* TTTAttributedLabel.m */ = {isa = PBXFileReference; fileEncoding = 4; lastKnownFileType = sourcecode.c.objc; path = TTTAttributedLabel.m; sourceTree = "<group>"; };
		FB4DC49F1B1F3AF50083A3A2 /* QMChatActionsHandler.h */ = {isa = PBXFileReference; fileEncoding = 4; lastKnownFileType = sourcecode.c.h; path = QMChatActionsHandler.h; sourceTree = "<group>"; };
		FB4DC4A01B1F3AF50083A3A2 /* QMChatContainerView.h */ = {isa = PBXFileReference; fileEncoding = 4; lastKnownFileType = sourcecode.c.h; path = QMChatContainerView.h; sourceTree = "<group>"; };
		FB4DC4A11B1F3AF50083A3A2 /* QMChatContainerView.m */ = {isa = PBXFileReference; fileEncoding = 4; lastKnownFileType = sourcecode.c.objc; path = QMChatContainerView.m; sourceTree = "<group>"; };
		FB4DC4A41B1F3AF50083A3A2 /* QMLoadEarlierHeaderView.h */ = {isa = PBXFileReference; fileEncoding = 4; lastKnownFileType = sourcecode.c.h; path = QMLoadEarlierHeaderView.h; sourceTree = "<group>"; };
		FB4DC4A51B1F3AF50083A3A2 /* QMLoadEarlierHeaderView.m */ = {isa = PBXFileReference; fileEncoding = 4; lastKnownFileType = sourcecode.c.objc; path = QMLoadEarlierHeaderView.m; sourceTree = "<group>"; };
		FB4DC4A61B1F3AF50083A3A2 /* QMLoadEarlierHeaderView.xib */ = {isa = PBXFileReference; fileEncoding = 4; lastKnownFileType = file.xib; path = QMLoadEarlierHeaderView.xib; sourceTree = "<group>"; };
		FB4DC4A81B1F3AF50083A3A2 /* QMTypingIndicatorFooterView.h */ = {isa = PBXFileReference; fileEncoding = 4; lastKnownFileType = sourcecode.c.h; path = QMTypingIndicatorFooterView.h; sourceTree = "<group>"; };
		FB4DC4A91B1F3AF50083A3A2 /* QMTypingIndicatorFooterView.m */ = {isa = PBXFileReference; fileEncoding = 4; lastKnownFileType = sourcecode.c.objc; path = QMTypingIndicatorFooterView.m; sourceTree = "<group>"; };
		FB4DC4AA1B1F3AF50083A3A2 /* QMTypingIndicatorFooterView.xib */ = {isa = PBXFileReference; fileEncoding = 4; lastKnownFileType = file.xib; path = QMTypingIndicatorFooterView.xib; sourceTree = "<group>"; };
		FB4DC4AB1B1F3AF50083A3A2 /* ViewController.h */ = {isa = PBXFileReference; fileEncoding = 4; lastKnownFileType = sourcecode.c.h; path = ViewController.h; sourceTree = "<group>"; };
		FB4DC4AC1B1F3AF50083A3A2 /* ViewController.m */ = {isa = PBXFileReference; fileEncoding = 4; lastKnownFileType = sourcecode.c.objc; path = ViewController.m; sourceTree = "<group>"; };
		FB4DC4D41B1F3B2D0083A3A2 /* Quickblox.framework */ = {isa = PBXFileReference; lastKnownFileType = wrapper.framework; name = Quickblox.framework; path = ../../../Documents/Quickblox/Quickblox.framework; sourceTree = "<group>"; };
/* End PBXFileReference section */

/* Begin PBXFrameworksBuildPhase section */
		5501A77A1AD2DA8F00D0AE0D /* Frameworks */ = {
			isa = PBXFrameworksBuildPhase;
			buildActionMask = 2147483647;
			files = (
				5519EED91AE67462005AA288 /* SystemConfiguration.framework in Frameworks */,
				FB4DC4D51B1F3B2D0083A3A2 /* Quickblox.framework in Frameworks */,
				5519EED71AE67456005AA288 /* libz.dylib in Frameworks */,
				5519EED51AE67448005AA288 /* libresolv.dylib in Frameworks */,
				5519EED31AE6743B005AA288 /* CFNetwork.framework in Frameworks */,
				5519EED11AE6742F005AA288 /* MobileCoreServices.framework in Frameworks */,
				5519EECF1AE67424005AA288 /* libc++.dylib in Frameworks */,
				5519EECD1AE67418005AA288 /* libxml2.dylib in Frameworks */,
			);
			runOnlyForDeploymentPostprocessing = 0;
		};
/* End PBXFrameworksBuildPhase section */

/* Begin PBXGroup section */
		5501A7741AD2DA8F00D0AE0D = {
			isa = PBXGroup;
			children = (
				FB4DC4511B1F3AF50083A3A2 /* QMChat */,
				5507EBDE1AE8E92800ECD26E /* Frameworks */,
				5501A77E1AD2DA8F00D0AE0D /* Products */,
			);
			sourceTree = "<group>";
		};
		5501A77E1AD2DA8F00D0AE0D /* Products */ = {
			isa = PBXGroup;
			children = (
				5501A77D1AD2DA8F00D0AE0D /* QMChat.app */,
			);
			name = Products;
			sourceTree = "<group>";
		};
		5507EBDE1AE8E92800ECD26E /* Frameworks */ = {
			isa = PBXGroup;
			children = (
				FB4DC4D41B1F3B2D0083A3A2 /* Quickblox.framework */,
				5519EED61AE67456005AA288 /* libz.dylib */,
				5519EECE1AE67424005AA288 /* libc++.dylib */,
				5519EECC1AE67418005AA288 /* libxml2.dylib */,
				5519EED41AE67448005AA288 /* libresolv.dylib */,
				5519EED81AE67462005AA288 /* SystemConfiguration.framework */,
				5519EED21AE6743B005AA288 /* CFNetwork.framework */,
				5519EED01AE6742F005AA288 /* MobileCoreServices.framework */,
			);
			name = Frameworks;
			sourceTree = "<group>";
		};
		FB4DC4511B1F3AF50083A3A2 /* QMChat */ = {
			isa = PBXGroup;
			children = (
				FB4DC4521B1F3AF50083A3A2 /* AppDelegate.h */,
				FB4DC4531B1F3AF50083A3A2 /* AppDelegate.m */,
				FB4DC4541B1F3AF50083A3A2 /* LaunchScreen.xib */,
				FB4DC4561B1F3AF50083A3A2 /* Main.storyboard */,
				FB4DC4581B1F3AF50083A3A2 /* Images.xcassets */,
				FB4DC4591B1F3AF50083A3A2 /* Info.plist */,
				FB4DC45A1B1F3AF50083A3A2 /* main.m */,
				FB4DC45B1B1F3AF50083A3A2 /* QMChatViewController */,
				FB4DC4651B1F3AF50083A3A2 /* ChatAssets.xcassets */,
				FB4DC4AB1B1F3AF50083A3A2 /* ViewController.h */,
				FB4DC4AC1B1F3AF50083A3A2 /* ViewController.m */,
			);
			path = QMChat;
			sourceTree = "<group>";
		};
		FB4DC45B1B1F3AF50083A3A2 /* QMChatViewController */ = {
			isa = PBXGroup;
			children = (
				FB4DC46E1B1F3AF50083A3A2 /* QMChatViewController.h */,
				FB4DC46F1B1F3AF50083A3A2 /* QMChatViewController.m */,
				FB4DC4661B1F3AF50083A3A2 /* QMChatViewController.xib */,
				FB4DC45C1B1F3AF50083A3A2 /* Categories */,
				FB4DC4681B1F3AF50083A3A2 /* KeyboardViewController */,
				FB4DC46B1B1F3AF50083A3A2 /* Protocols */,
				FB4DC4701B1F3AF50083A3A2 /* Views */,
			);
			path = QMChatViewController;
			sourceTree = "<group>";
		};
		FB4DC45C1B1F3AF50083A3A2 /* Categories */ = {
			isa = PBXGroup;
			children = (
				FB4DC45D1B1F3AF50083A3A2 /* NSString+QM.h */,
				FB4DC45E1B1F3AF50083A3A2 /* NSString+QM.m */,
				FB4DC45F1B1F3AF50083A3A2 /* UIColor+QM.h */,
				FB4DC4601B1F3AF50083A3A2 /* UIColor+QM.m */,
				FB4DC4611B1F3AF50083A3A2 /* UIImage+QM.h */,
				FB4DC4621B1F3AF50083A3A2 /* UIImage+QM.m */,
				FB4DC4631B1F3AF50083A3A2 /* UIView+QM.h */,
				FB4DC4641B1F3AF50083A3A2 /* UIView+QM.m */,
			);
			path = Categories;
			sourceTree = "<group>";
		};
		FB4DC4681B1F3AF50083A3A2 /* KeyboardViewController */ = {
			isa = PBXGroup;
			children = (
				FB4DC4691B1F3AF50083A3A2 /* QMKeyboardController.h */,
				FB4DC46A1B1F3AF50083A3A2 /* QMKeyboardController.m */,
			);
			path = KeyboardViewController;
			sourceTree = "<group>";
		};
		FB4DC46B1B1F3AF50083A3A2 /* Protocols */ = {
			isa = PBXGroup;
			children = (
				FB4DC46C1B1F3AF50083A3A2 /* QMChatCollectionViewDataSource.h */,
				FB4DC46D1B1F3AF50083A3A2 /* QMChatCollectionViewDelegateFlowLayout.h */,
			);
			path = Protocols;
			sourceTree = "<group>";
		};
		FB4DC4701B1F3AF50083A3A2 /* Views */ = {
			isa = PBXGroup;
			children = (
				FB4DC4711B1F3AF50083A3A2 /* Cells */,
				FB4DC4881B1F3AF50083A3A2 /* CollectionView */,
				FB4DC4921B1F3AF50083A3A2 /* CustomUI */,
				FB4DC49F1B1F3AF50083A3A2 /* QMChatActionsHandler.h */,
				FB4DC4A01B1F3AF50083A3A2 /* QMChatContainerView.h */,
				FB4DC4A11B1F3AF50083A3A2 /* QMChatContainerView.m */,
				FB4DC4A21B1F3AF50083A3A2 /* ReusableViews */,
			);
			path = Views;
			sourceTree = "<group>";
		};
		FB4DC4711B1F3AF50083A3A2 /* Cells */ = {
			isa = PBXGroup;
			children = (
				FB4DC4721B1F3AF50083A3A2 /* QMChatCell */,
				FB4DC4761B1F3AF50083A3A2 /* QMChatContactRequestCell */,
				FB4DC47A1B1F3AF50083A3A2 /* QMChatIncomingCell */,
				FB4DC47F1B1F3AF50083A3A2 /* QMChatNotificationCell */,
				FB4DC4831B1F3AF50083A3A2 /* QMChatOutgoingCell */,
				FB4DC4871B1F3AF50083A3A2 /* QMChatTextCell */,
			);
			path = Cells;
			sourceTree = "<group>";
		};
		FB4DC4721B1F3AF50083A3A2 /* QMChatCell */ = {
			isa = PBXGroup;
			children = (
				FB4DC4731B1F3AF50083A3A2 /* QMChatCell.h */,
				FB4DC4741B1F3AF50083A3A2 /* QMChatCell.m */,
				FB4DC4751B1F3AF50083A3A2 /* QMImageViewProtocol.h */,
			);
			path = QMChatCell;
			sourceTree = "<group>";
		};
		FB4DC4761B1F3AF50083A3A2 /* QMChatContactRequestCell */ = {
			isa = PBXGroup;
			children = (
				FB4DC4771B1F3AF50083A3A2 /* QMChatContactRequestCell.h */,
				FB4DC4781B1F3AF50083A3A2 /* QMChatContactRequestCell.m */,
				FB4DC4791B1F3AF50083A3A2 /* QMChatContactRequestCell.xib */,
			);
			path = QMChatContactRequestCell;
			sourceTree = "<group>";
		};
		FB4DC47A1B1F3AF50083A3A2 /* QMChatIncomingCell */ = {
			isa = PBXGroup;
			children = (
				FB4DC47B1B1F3AF50083A3A2 /* QMChatIncomingCell.h */,
				FB4DC47C1B1F3AF50083A3A2 /* QMChatIncomingCell.m */,
				FB4DC47D1B1F3AF50083A3A2 /* QMChatIncomingCell.xib */,
				FB4DC47E1B1F3AF50083A3A2 /* QMChatOutgoingCell.xib */,
			);
			path = QMChatIncomingCell;
			sourceTree = "<group>";
		};
		FB4DC47F1B1F3AF50083A3A2 /* QMChatNotificationCell */ = {
			isa = PBXGroup;
			children = (
				FB4DC4801B1F3AF50083A3A2 /* QMChatNotificationCell.h */,
				FB4DC4811B1F3AF50083A3A2 /* QMChatNotificationCell.m */,
				FB4DC4821B1F3AF50083A3A2 /* QMChatNotificationCell.xib */,
			);
			path = QMChatNotificationCell;
			sourceTree = "<group>";
		};
		FB4DC4831B1F3AF50083A3A2 /* QMChatOutgoingCell */ = {
			isa = PBXGroup;
			children = (
				FB4DC4841B1F3AF50083A3A2 /* QMChatOutgoingCell.h */,
				FB4DC4851B1F3AF50083A3A2 /* QMChatOutgoingCell.m */,
				FB4DC4861B1F3AF50083A3A2 /* QMChatOutgoingCell.xib */,
			);
			path = QMChatOutgoingCell;
			sourceTree = "<group>";
		};
		FB4DC4871B1F3AF50083A3A2 /* QMChatTextCell */ = {
			isa = PBXGroup;
			children = (
			);
			path = QMChatTextCell;
			sourceTree = "<group>";
		};
		FB4DC4881B1F3AF50083A3A2 /* CollectionView */ = {
			isa = PBXGroup;
			children = (
				FB4DC4891B1F3AF50083A3A2 /* Layout */,
				FB4DC4901B1F3AF50083A3A2 /* QMChatCollectionView.h */,
				FB4DC4911B1F3AF50083A3A2 /* QMChatCollectionView.m */,
			);
			path = CollectionView;
			sourceTree = "<group>";
		};
		FB4DC4891B1F3AF50083A3A2 /* Layout */ = {
			isa = PBXGroup;
			children = (
				FB4DC48A1B1F3AF50083A3A2 /* QMChatCellLayoutAttributes.h */,
				FB4DC48B1B1F3AF50083A3A2 /* QMChatCellLayoutAttributes.m */,
				FB4DC48C1B1F3AF50083A3A2 /* QMChatCollectionViewFlowLayout.h */,
				FB4DC48D1B1F3AF50083A3A2 /* QMChatCollectionViewFlowLayout.m */,
				FB4DC48E1B1F3AF50083A3A2 /* QMCollectionViewFlowLayoutInvalidationContext.h */,
				FB4DC48F1B1F3AF50083A3A2 /* QMCollectionViewFlowLayoutInvalidationContext.m */,
			);
			path = Layout;
			sourceTree = "<group>";
		};
		FB4DC4921B1F3AF50083A3A2 /* CustomUI */ = {
			isa = PBXGroup;
			children = (
				FB4DC4931B1F3AF50083A3A2 /* InputToolBar */,
				FB4DC4991B1F3AF50083A3A2 /* PlaceHolderTextView */,
				FB4DC49C1B1F3AF50083A3A2 /* TTTAttributedLabel */,
			);
			path = CustomUI;
			sourceTree = "<group>";
		};
		FB4DC4931B1F3AF50083A3A2 /* InputToolBar */ = {
			isa = PBXGroup;
			children = (
				FB4DC4941B1F3AF50083A3A2 /* QMInputToolbar.h */,
				FB4DC4951B1F3AF50083A3A2 /* QMInputToolbar.m */,
				FB4DC4961B1F3AF50083A3A2 /* QMToolbarContentView.h */,
				FB4DC4971B1F3AF50083A3A2 /* QMToolbarContentView.m */,
				FB4DC4981B1F3AF50083A3A2 /* QMToolbarContentView.xib */,
			);
			path = InputToolBar;
			sourceTree = "<group>";
		};
		FB4DC4991B1F3AF50083A3A2 /* PlaceHolderTextView */ = {
			isa = PBXGroup;
			children = (
				FB4DC49A1B1F3AF50083A3A2 /* QMPlaceHolderTextView.h */,
				FB4DC49B1B1F3AF50083A3A2 /* QMPlaceHolderTextView.m */,
			);
			path = PlaceHolderTextView;
			sourceTree = "<group>";
		};
		FB4DC49C1B1F3AF50083A3A2 /* TTTAttributedLabel */ = {
			isa = PBXGroup;
			children = (
				FB4DC49D1B1F3AF50083A3A2 /* TTTAttributedLabel.h */,
				FB4DC49E1B1F3AF50083A3A2 /* TTTAttributedLabel.m */,
			);
			path = TTTAttributedLabel;
			sourceTree = "<group>";
		};
		FB4DC4A21B1F3AF50083A3A2 /* ReusableViews */ = {
			isa = PBXGroup;
			children = (
				FB4DC4A31B1F3AF50083A3A2 /* LoadEarlierHeaderView */,
				FB4DC4A71B1F3AF50083A3A2 /* TypingIndicatorFooterView */,
			);
			path = ReusableViews;
			sourceTree = "<group>";
		};
		FB4DC4A31B1F3AF50083A3A2 /* LoadEarlierHeaderView */ = {
			isa = PBXGroup;
			children = (
				FB4DC4A41B1F3AF50083A3A2 /* QMLoadEarlierHeaderView.h */,
				FB4DC4A51B1F3AF50083A3A2 /* QMLoadEarlierHeaderView.m */,
				FB4DC4A61B1F3AF50083A3A2 /* QMLoadEarlierHeaderView.xib */,
			);
			path = LoadEarlierHeaderView;
			sourceTree = "<group>";
		};
		FB4DC4A71B1F3AF50083A3A2 /* TypingIndicatorFooterView */ = {
			isa = PBXGroup;
			children = (
				FB4DC4A81B1F3AF50083A3A2 /* QMTypingIndicatorFooterView.h */,
				FB4DC4A91B1F3AF50083A3A2 /* QMTypingIndicatorFooterView.m */,
				FB4DC4AA1B1F3AF50083A3A2 /* QMTypingIndicatorFooterView.xib */,
			);
			path = TypingIndicatorFooterView;
			sourceTree = "<group>";
		};
/* End PBXGroup section */

/* Begin PBXNativeTarget section */
		5501A77C1AD2DA8F00D0AE0D /* QMChat */ = {
			isa = PBXNativeTarget;
			buildConfigurationList = 5501A7A31AD2DA9000D0AE0D /* Build configuration list for PBXNativeTarget "QMChat" */;
			buildPhases = (
				5501A7791AD2DA8F00D0AE0D /* Sources */,
				5501A77A1AD2DA8F00D0AE0D /* Frameworks */,
				5501A77B1AD2DA8F00D0AE0D /* Resources */,
			);
			buildRules = (
			);
			dependencies = (
			);
			name = QMChat;
			productName = QMChat;
			productReference = 5501A77D1AD2DA8F00D0AE0D /* QMChat.app */;
			productType = "com.apple.product-type.application";
		};
/* End PBXNativeTarget section */

/* Begin PBXProject section */
		5501A7751AD2DA8F00D0AE0D /* Project object */ = {
			isa = PBXProject;
			attributes = {
				LastUpgradeCheck = 0620;
				ORGANIZATIONNAME = "QuickBlox Team";
				TargetAttributes = {
					5501A77C1AD2DA8F00D0AE0D = {
						CreatedOnToolsVersion = 6.2;
					};
				};
			};
			buildConfigurationList = 5501A7781AD2DA8F00D0AE0D /* Build configuration list for PBXProject "QMChat" */;
			compatibilityVersion = "Xcode 3.2";
			developmentRegion = English;
			hasScannedForEncodings = 0;
			knownRegions = (
				en,
				Base,
			);
			mainGroup = 5501A7741AD2DA8F00D0AE0D;
			productRefGroup = 5501A77E1AD2DA8F00D0AE0D /* Products */;
			projectDirPath = "";
			projectRoot = "";
			targets = (
				5501A77C1AD2DA8F00D0AE0D /* QMChat */,
			);
		};
/* End PBXProject section */

/* Begin PBXResourcesBuildPhase section */
		5501A77B1AD2DA8F00D0AE0D /* Resources */ = {
			isa = PBXResourcesBuildPhase;
			buildActionMask = 2147483647;
			files = (
				FB4DC4C01B1F3AF50083A3A2 /* QMChatOutgoingCell.xib in Resources */,
				FB4DC4B11B1F3AF50083A3A2 /* Info.plist in Resources */,
				FB4DC4D21B1F3AF50083A3A2 /* QMTypingIndicatorFooterView.xib in Resources */,
				FB4DC4BF1B1F3AF50083A3A2 /* QMChatIncomingCell.xib in Resources */,
				FB4DC4B01B1F3AF50083A3A2 /* Images.xcassets in Resources */,
				FB4DC4CB1B1F3AF50083A3A2 /* QMToolbarContentView.xib in Resources */,
				FB4DC4B81B1F3AF50083A3A2 /* QMChatViewController.xib in Resources */,
				FB4DC4D01B1F3AF50083A3A2 /* QMLoadEarlierHeaderView.xib in Resources */,
				FB4DC4AE1B1F3AF50083A3A2 /* LaunchScreen.xib in Resources */,
				FB4DC4C41B1F3AF50083A3A2 /* QMChatOutgoingCell.xib in Resources */,
				FB4DC4C21B1F3AF50083A3A2 /* QMChatNotificationCell.xib in Resources */,
				FB4DC4BD1B1F3AF50083A3A2 /* QMChatContactRequestCell.xib in Resources */,
				FB4DC4AF1B1F3AF50083A3A2 /* Main.storyboard in Resources */,
				FB4DC4B71B1F3AF50083A3A2 /* ChatAssets.xcassets in Resources */,
			);
			runOnlyForDeploymentPostprocessing = 0;
		};
/* End PBXResourcesBuildPhase section */

/* Begin PBXSourcesBuildPhase section */
		5501A7791AD2DA8F00D0AE0D /* Sources */ = {
			isa = PBXSourcesBuildPhase;
			buildActionMask = 2147483647;
			files = (
				FB4DC4C91B1F3AF50083A3A2 /* QMInputToolbar.m in Sources */,
				FB4DC4CF1B1F3AF50083A3A2 /* QMLoadEarlierHeaderView.m in Sources */,
				FB4DC4C11B1F3AF50083A3A2 /* QMChatNotificationCell.m in Sources */,
				FB4DC4C81B1F3AF50083A3A2 /* QMChatCollectionView.m in Sources */,
				FB4DC4CC1B1F3AF50083A3A2 /* QMPlaceHolderTextView.m in Sources */,
				FB4DC4CE1B1F3AF50083A3A2 /* QMChatContainerView.m in Sources */,
				FB4DC4B21B1F3AF50083A3A2 /* main.m in Sources */,
				FB4DC4CA1B1F3AF50083A3A2 /* QMToolbarContentView.m in Sources */,
				FB4DC4C31B1F3AF50083A3A2 /* QMChatOutgoingCell.m in Sources */,
				FB4DC4B41B1F3AF50083A3A2 /* UIColor+QM.m in Sources */,
				FB4DC4B31B1F3AF50083A3A2 /* NSString+QM.m in Sources */,
				FB4DC4B51B1F3AF50083A3A2 /* UIImage+QM.m in Sources */,
				FB4DC4BB1B1F3AF50083A3A2 /* QMChatCell.m in Sources */,
				FB4DC4B61B1F3AF50083A3A2 /* UIView+QM.m in Sources */,
				FB4DC4BE1B1F3AF50083A3A2 /* QMChatIncomingCell.m in Sources */,
				FB4DC4BC1B1F3AF50083A3A2 /* QMChatContactRequestCell.m in Sources */,
				FB4DC4D11B1F3AF50083A3A2 /* QMTypingIndicatorFooterView.m in Sources */,
				FB4DC4C61B1F3AF50083A3A2 /* QMChatCollectionViewFlowLayout.m in Sources */,
				FB4DC4B91B1F3AF50083A3A2 /* QMKeyboardController.m in Sources */,
				FB4DC4C71B1F3AF50083A3A2 /* QMCollectionViewFlowLayoutInvalidationContext.m in Sources */,
				FB4DC4CD1B1F3AF50083A3A2 /* TTTAttributedLabel.m in Sources */,
				FB4DC4BA1B1F3AF50083A3A2 /* QMChatViewController.m in Sources */,
				FB4DC4C51B1F3AF50083A3A2 /* QMChatCellLayoutAttributes.m in Sources */,
				FB4DC4AD1B1F3AF50083A3A2 /* AppDelegate.m in Sources */,
				FB4DC4D31B1F3AF50083A3A2 /* ViewController.m in Sources */,
			);
			runOnlyForDeploymentPostprocessing = 0;
		};
/* End PBXSourcesBuildPhase section */

/* Begin PBXVariantGroup section */
		FB4DC4541B1F3AF50083A3A2 /* LaunchScreen.xib */ = {
			isa = PBXVariantGroup;
			children = (
				FB4DC4551B1F3AF50083A3A2 /* Base */,
			);
			name = LaunchScreen.xib;
			sourceTree = "<group>";
		};
		FB4DC4561B1F3AF50083A3A2 /* Main.storyboard */ = {
			isa = PBXVariantGroup;
			children = (
				FB4DC4571B1F3AF50083A3A2 /* Base */,
			);
			name = Main.storyboard;
			sourceTree = "<group>";
		};
		FB4DC4661B1F3AF50083A3A2 /* QMChatViewController.xib */ = {
			isa = PBXVariantGroup;
			children = (
				FB4DC4671B1F3AF50083A3A2 /* en */,
			);
			name = QMChatViewController.xib;
			sourceTree = "<group>";
		};
/* End PBXVariantGroup section */

/* Begin XCBuildConfiguration section */
		5501A7A11AD2DA9000D0AE0D /* Debug */ = {
			isa = XCBuildConfiguration;
			buildSettings = {
				ALWAYS_SEARCH_USER_PATHS = NO;
				CLANG_CXX_LANGUAGE_STANDARD = "gnu++0x";
				CLANG_CXX_LIBRARY = "libc++";
				CLANG_ENABLE_MODULES = YES;
				CLANG_ENABLE_OBJC_ARC = YES;
				CLANG_WARN_BOOL_CONVERSION = YES;
				CLANG_WARN_CONSTANT_CONVERSION = YES;
				CLANG_WARN_DIRECT_OBJC_ISA_USAGE = YES_ERROR;
				CLANG_WARN_EMPTY_BODY = YES;
				CLANG_WARN_ENUM_CONVERSION = YES;
				CLANG_WARN_INT_CONVERSION = YES;
				CLANG_WARN_OBJC_ROOT_CLASS = YES_ERROR;
				CLANG_WARN_UNREACHABLE_CODE = YES;
				CLANG_WARN__DUPLICATE_METHOD_MATCH = YES;
				"CODE_SIGN_IDENTITY[sdk=iphoneos*]" = "iPhone Developer";
				COPY_PHASE_STRIP = NO;
				ENABLE_STRICT_OBJC_MSGSEND = YES;
				GCC_C_LANGUAGE_STANDARD = gnu99;
				GCC_DYNAMIC_NO_PIC = NO;
				GCC_OPTIMIZATION_LEVEL = 0;
				GCC_PREPROCESSOR_DEFINITIONS = (
					"DEBUG=1",
					"$(inherited)",
				);
				GCC_SYMBOLS_PRIVATE_EXTERN = NO;
				GCC_WARN_64_TO_32_BIT_CONVERSION = YES;
				GCC_WARN_ABOUT_RETURN_TYPE = YES_ERROR;
				GCC_WARN_UNDECLARED_SELECTOR = YES;
				GCC_WARN_UNINITIALIZED_AUTOS = YES_AGGRESSIVE;
				GCC_WARN_UNUSED_FUNCTION = YES;
				GCC_WARN_UNUSED_VARIABLE = YES;
				IPHONEOS_DEPLOYMENT_TARGET = 8.2;
				MTL_ENABLE_DEBUG_INFO = YES;
				ONLY_ACTIVE_ARCH = YES;
				SDKROOT = iphoneos;
			};
			name = Debug;
		};
		5501A7A21AD2DA9000D0AE0D /* Release */ = {
			isa = XCBuildConfiguration;
			buildSettings = {
				ALWAYS_SEARCH_USER_PATHS = NO;
				CLANG_CXX_LANGUAGE_STANDARD = "gnu++0x";
				CLANG_CXX_LIBRARY = "libc++";
				CLANG_ENABLE_MODULES = YES;
				CLANG_ENABLE_OBJC_ARC = YES;
				CLANG_WARN_BOOL_CONVERSION = YES;
				CLANG_WARN_CONSTANT_CONVERSION = YES;
				CLANG_WARN_DIRECT_OBJC_ISA_USAGE = YES_ERROR;
				CLANG_WARN_EMPTY_BODY = YES;
				CLANG_WARN_ENUM_CONVERSION = YES;
				CLANG_WARN_INT_CONVERSION = YES;
				CLANG_WARN_OBJC_ROOT_CLASS = YES_ERROR;
				CLANG_WARN_UNREACHABLE_CODE = YES;
				CLANG_WARN__DUPLICATE_METHOD_MATCH = YES;
				"CODE_SIGN_IDENTITY[sdk=iphoneos*]" = "iPhone Developer";
				COPY_PHASE_STRIP = NO;
				ENABLE_NS_ASSERTIONS = NO;
				ENABLE_STRICT_OBJC_MSGSEND = YES;
				GCC_C_LANGUAGE_STANDARD = gnu99;
				GCC_WARN_64_TO_32_BIT_CONVERSION = YES;
				GCC_WARN_ABOUT_RETURN_TYPE = YES_ERROR;
				GCC_WARN_UNDECLARED_SELECTOR = YES;
				GCC_WARN_UNINITIALIZED_AUTOS = YES_AGGRESSIVE;
				GCC_WARN_UNUSED_FUNCTION = YES;
				GCC_WARN_UNUSED_VARIABLE = YES;
				IPHONEOS_DEPLOYMENT_TARGET = 8.2;
				MTL_ENABLE_DEBUG_INFO = NO;
				SDKROOT = iphoneos;
				VALIDATE_PRODUCT = YES;
			};
			name = Release;
		};
		5501A7A41AD2DA9000D0AE0D /* Debug */ = {
			isa = XCBuildConfiguration;
			buildSettings = {
				ASSETCATALOG_COMPILER_APPICON_NAME = AppIcon;
				FRAMEWORK_SEARCH_PATHS = (
					"$(inherited)",
					"~/Documents/Quickblox",
				);
				HEADER_SEARCH_PATHS = (
					"$(inherited)",
					/Applications/Xcode.app/Contents/Developer/Toolchains/XcodeDefault.xctoolchain/usr/include,
					/usr/include/libxml2,
				);
				INFOPLIST_FILE = QMChat/Info.plist;
				LD_RUNPATH_SEARCH_PATHS = "$(inherited) @executable_path/Frameworks";
				PRODUCT_NAME = "$(TARGET_NAME)";
			};
			name = Debug;
		};
		5501A7A51AD2DA9000D0AE0D /* Release */ = {
			isa = XCBuildConfiguration;
			buildSettings = {
				ASSETCATALOG_COMPILER_APPICON_NAME = AppIcon;
				FRAMEWORK_SEARCH_PATHS = (
					"$(inherited)",
					"~/Documents/Quickblox",
				);
				HEADER_SEARCH_PATHS = (
					"$(inherited)",
					/Applications/Xcode.app/Contents/Developer/Toolchains/XcodeDefault.xctoolchain/usr/include,
					/usr/include/libxml2,
				);
				INFOPLIST_FILE = QMChat/Info.plist;
				LD_RUNPATH_SEARCH_PATHS = "$(inherited) @executable_path/Frameworks";
				PRODUCT_NAME = "$(TARGET_NAME)";
			};
			name = Release;
		};
/* End XCBuildConfiguration section */

/* Begin XCConfigurationList section */
		5501A7781AD2DA8F00D0AE0D /* Build configuration list for PBXProject "QMChat" */ = {
			isa = XCConfigurationList;
			buildConfigurations = (
				5501A7A11AD2DA9000D0AE0D /* Debug */,
				5501A7A21AD2DA9000D0AE0D /* Release */,
			);
			defaultConfigurationIsVisible = 0;
			defaultConfigurationName = Release;
		};
		5501A7A31AD2DA9000D0AE0D /* Build configuration list for PBXNativeTarget "QMChat" */ = {
			isa = XCConfigurationList;
			buildConfigurations = (
				5501A7A41AD2DA9000D0AE0D /* Debug */,
				5501A7A51AD2DA9000D0AE0D /* Release */,
			);
			defaultConfigurationIsVisible = 0;
			defaultConfigurationName = Release;
		};
/* End XCConfigurationList section */
	};
	rootObject = 5501A7751AD2DA8F00D0AE0D /* Project object */;
}
