// !$*UTF8*$!
{
	archiveVersion = 1;
	classes = {
	};
	objectVersion = 46;
	objects = {

/* Begin PBXBuildFile section */
		36BD5932AC6D835CE8B3330D /* libPods-QMChatViewControllerExample.a in Frameworks */ = {isa = PBXBuildFile; fileRef = 10D615FA10254D7AEA18709A /* libPods-QMChatViewControllerExample.a */; };
		5519EECD1AE67418005AA288 /* libxml2.dylib in Frameworks */ = {isa = PBXBuildFile; fileRef = 5519EECC1AE67418005AA288 /* libxml2.dylib */; };
		5519EECF1AE67424005AA288 /* libc++.dylib in Frameworks */ = {isa = PBXBuildFile; fileRef = 5519EECE1AE67424005AA288 /* libc++.dylib */; };
		5519EED11AE6742F005AA288 /* MobileCoreServices.framework in Frameworks */ = {isa = PBXBuildFile; fileRef = 5519EED01AE6742F005AA288 /* MobileCoreServices.framework */; };
		5519EED31AE6743B005AA288 /* CFNetwork.framework in Frameworks */ = {isa = PBXBuildFile; fileRef = 5519EED21AE6743B005AA288 /* CFNetwork.framework */; };
		5519EED51AE67448005AA288 /* libresolv.dylib in Frameworks */ = {isa = PBXBuildFile; fileRef = 5519EED41AE67448005AA288 /* libresolv.dylib */; };
		5519EED71AE67456005AA288 /* libz.dylib in Frameworks */ = {isa = PBXBuildFile; fileRef = 5519EED61AE67456005AA288 /* libz.dylib */; };
		5519EED91AE67462005AA288 /* SystemConfiguration.framework in Frameworks */ = {isa = PBXBuildFile; fileRef = 5519EED81AE67462005AA288 /* SystemConfiguration.framework */; };
		BF53312A1B6F9036000B5409 /* AppDelegate.m in Sources */ = {isa = PBXBuildFile; fileRef = BF53311D1B6F9036000B5409 /* AppDelegate.m */; };
		BF53312B1B6F9036000B5409 /* LaunchScreen.xib in Resources */ = {isa = PBXBuildFile; fileRef = BF53311E1B6F9036000B5409 /* LaunchScreen.xib */; };
		BF53312C1B6F9036000B5409 /* Main.storyboard in Resources */ = {isa = PBXBuildFile; fileRef = BF5331201B6F9036000B5409 /* Main.storyboard */; };
		BF53312D1B6F9036000B5409 /* DemoChatViewController.m in Sources */ = {isa = PBXBuildFile; fileRef = BF5331231B6F9036000B5409 /* DemoChatViewController.m */; };
		BF53312E1B6F9036000B5409 /* Images.xcassets in Resources */ = {isa = PBXBuildFile; fileRef = BF5331241B6F9036000B5409 /* Images.xcassets */; };
		BF53312F1B6F9036000B5409 /* Info.plist in Resources */ = {isa = PBXBuildFile; fileRef = BF5331251B6F9036000B5409 /* Info.plist */; };
		BF5331301B6F9036000B5409 /* main.m in Sources */ = {isa = PBXBuildFile; fileRef = BF5331261B6F9036000B5409 /* main.m */; };
		BF5331311B6F9036000B5409 /* quickblox-image.png in Resources */ = {isa = PBXBuildFile; fileRef = BF5331271B6F9036000B5409 /* quickblox-image.png */; };
		BF5331321B6F9036000B5409 /* UIImage+fixOrientation.m in Sources */ = {isa = PBXBuildFile; fileRef = BF5331291B6F9036000B5409 /* UIImage+fixOrientation.m */; };
/* End PBXBuildFile section */

/* Begin PBXFileReference section */
		10D615FA10254D7AEA18709A /* libPods-QMChatViewControllerExample.a */ = {isa = PBXFileReference; explicitFileType = archive.ar; includeInIndex = 0; path = "libPods-QMChatViewControllerExample.a"; sourceTree = BUILT_PRODUCTS_DIR; };
		134208D0546FB610AF3719D7 /* Pods-QMChatViewControllerExample.release.xcconfig */ = {isa = PBXFileReference; includeInIndex = 1; lastKnownFileType = text.xcconfig; name = "Pods-QMChatViewControllerExample.release.xcconfig"; path = "Pods/Target Support Files/Pods-QMChatViewControllerExample/Pods-QMChatViewControllerExample.release.xcconfig"; sourceTree = "<group>"; };
		5501A77D1AD2DA8F00D0AE0D /* QMChatViewControllerExample.app */ = {isa = PBXFileReference; explicitFileType = wrapper.application; includeInIndex = 0; path = QMChatViewControllerExample.app; sourceTree = BUILT_PRODUCTS_DIR; };
		5519EECC1AE67418005AA288 /* libxml2.dylib */ = {isa = PBXFileReference; lastKnownFileType = "compiled.mach-o.dylib"; name = libxml2.dylib; path = usr/lib/libxml2.dylib; sourceTree = SDKROOT; };
		5519EECE1AE67424005AA288 /* libc++.dylib */ = {isa = PBXFileReference; lastKnownFileType = "compiled.mach-o.dylib"; name = "libc++.dylib"; path = "usr/lib/libc++.dylib"; sourceTree = SDKROOT; };
		5519EED01AE6742F005AA288 /* MobileCoreServices.framework */ = {isa = PBXFileReference; lastKnownFileType = wrapper.framework; name = MobileCoreServices.framework; path = System/Library/Frameworks/MobileCoreServices.framework; sourceTree = SDKROOT; };
		5519EED21AE6743B005AA288 /* CFNetwork.framework */ = {isa = PBXFileReference; lastKnownFileType = wrapper.framework; name = CFNetwork.framework; path = System/Library/Frameworks/CFNetwork.framework; sourceTree = SDKROOT; };
		5519EED41AE67448005AA288 /* libresolv.dylib */ = {isa = PBXFileReference; lastKnownFileType = "compiled.mach-o.dylib"; name = libresolv.dylib; path = usr/lib/libresolv.dylib; sourceTree = SDKROOT; };
		5519EED61AE67456005AA288 /* libz.dylib */ = {isa = PBXFileReference; lastKnownFileType = "compiled.mach-o.dylib"; name = libz.dylib; path = usr/lib/libz.dylib; sourceTree = SDKROOT; };
		5519EED81AE67462005AA288 /* SystemConfiguration.framework */ = {isa = PBXFileReference; lastKnownFileType = wrapper.framework; name = SystemConfiguration.framework; path = System/Library/Frameworks/SystemConfiguration.framework; sourceTree = SDKROOT; };
		6943465ED7A382057BB54F56 /* Pods-QMChatViewControllerExample.debug.xcconfig */ = {isa = PBXFileReference; includeInIndex = 1; lastKnownFileType = text.xcconfig; name = "Pods-QMChatViewControllerExample.debug.xcconfig"; path = "Pods/Target Support Files/Pods-QMChatViewControllerExample/Pods-QMChatViewControllerExample.debug.xcconfig"; sourceTree = "<group>"; };
		BBAEFEA0B1BD3D49332EE268 /* libPods.a */ = {isa = PBXFileReference; explicitFileType = archive.ar; includeInIndex = 0; path = libPods.a; sourceTree = BUILT_PRODUCTS_DIR; };
		BF53311C1B6F9036000B5409 /* AppDelegate.h */ = {isa = PBXFileReference; fileEncoding = 4; lastKnownFileType = sourcecode.c.h; path = AppDelegate.h; sourceTree = "<group>"; };
		BF53311D1B6F9036000B5409 /* AppDelegate.m */ = {isa = PBXFileReference; fileEncoding = 4; lastKnownFileType = sourcecode.c.objc; path = AppDelegate.m; sourceTree = "<group>"; };
		BF53311F1B6F9036000B5409 /* Base */ = {isa = PBXFileReference; lastKnownFileType = file.xib; name = Base; path = Base.lproj/LaunchScreen.xib; sourceTree = "<group>"; };
		BF5331211B6F9036000B5409 /* Base */ = {isa = PBXFileReference; lastKnownFileType = file.storyboard; name = Base; path = Base.lproj/Main.storyboard; sourceTree = "<group>"; };
		BF5331221B6F9036000B5409 /* DemoChatViewController.h */ = {isa = PBXFileReference; fileEncoding = 4; lastKnownFileType = sourcecode.c.h; path = DemoChatViewController.h; sourceTree = "<group>"; };
		BF5331231B6F9036000B5409 /* DemoChatViewController.m */ = {isa = PBXFileReference; fileEncoding = 4; lastKnownFileType = sourcecode.c.objc; path = DemoChatViewController.m; sourceTree = "<group>"; };
		BF5331241B6F9036000B5409 /* Images.xcassets */ = {isa = PBXFileReference; lastKnownFileType = folder.assetcatalog; path = Images.xcassets; sourceTree = "<group>"; };
		BF5331251B6F9036000B5409 /* Info.plist */ = {isa = PBXFileReference; fileEncoding = 4; lastKnownFileType = text.plist.xml; path = Info.plist; sourceTree = "<group>"; };
		BF5331261B6F9036000B5409 /* main.m */ = {isa = PBXFileReference; fileEncoding = 4; lastKnownFileType = sourcecode.c.objc; path = main.m; sourceTree = "<group>"; };
		BF5331271B6F9036000B5409 /* quickblox-image.png */ = {isa = PBXFileReference; lastKnownFileType = image.png; path = "quickblox-image.png"; sourceTree = "<group>"; };
		BF5331281B6F9036000B5409 /* UIImage+fixOrientation.h */ = {isa = PBXFileReference; fileEncoding = 4; lastKnownFileType = sourcecode.c.h; path = "UIImage+fixOrientation.h"; sourceTree = "<group>"; };
		BF5331291B6F9036000B5409 /* UIImage+fixOrientation.m */ = {isa = PBXFileReference; fileEncoding = 4; lastKnownFileType = sourcecode.c.objc; path = "UIImage+fixOrientation.m"; sourceTree = "<group>"; };
/* End PBXFileReference section */

/* Begin PBXFrameworksBuildPhase section */
		5501A77A1AD2DA8F00D0AE0D /* Frameworks */ = {
			isa = PBXFrameworksBuildPhase;
			buildActionMask = 2147483647;
			files = (
				5519EED91AE67462005AA288 /* SystemConfiguration.framework in Frameworks */,
				5519EED71AE67456005AA288 /* libz.dylib in Frameworks */,
				5519EED51AE67448005AA288 /* libresolv.dylib in Frameworks */,
				5519EED31AE6743B005AA288 /* CFNetwork.framework in Frameworks */,
				5519EED11AE6742F005AA288 /* MobileCoreServices.framework in Frameworks */,
				5519EECF1AE67424005AA288 /* libc++.dylib in Frameworks */,
				5519EECD1AE67418005AA288 /* libxml2.dylib in Frameworks */,
				36BD5932AC6D835CE8B3330D /* libPods-QMChatViewControllerExample.a in Frameworks */,
			);
			runOnlyForDeploymentPostprocessing = 0;
		};
/* End PBXFrameworksBuildPhase section */

/* Begin PBXGroup section */
		5501A7741AD2DA8F00D0AE0D = {
			isa = PBXGroup;
			children = (
				BF53311B1B6F9036000B5409 /* QMChatViewControllerExample */,
				5507EBDE1AE8E92800ECD26E /* Frameworks */,
				5501A77E1AD2DA8F00D0AE0D /* Products */,
				5BFB38554CE0E135BF8F05D1 /* Pods */,
			);
			sourceTree = "<group>";
		};
		5501A77E1AD2DA8F00D0AE0D /* Products */ = {
			isa = PBXGroup;
			children = (
				5501A77D1AD2DA8F00D0AE0D /* QMChatViewControllerExample.app */,
			);
			name = Products;
			sourceTree = "<group>";
		};
		5507EBDE1AE8E92800ECD26E /* Frameworks */ = {
			isa = PBXGroup;
			children = (
				5519EED61AE67456005AA288 /* libz.dylib */,
				5519EECE1AE67424005AA288 /* libc++.dylib */,
				5519EECC1AE67418005AA288 /* libxml2.dylib */,
				5519EED41AE67448005AA288 /* libresolv.dylib */,
				5519EED81AE67462005AA288 /* SystemConfiguration.framework */,
				5519EED21AE6743B005AA288 /* CFNetwork.framework */,
				5519EED01AE6742F005AA288 /* MobileCoreServices.framework */,
				BBAEFEA0B1BD3D49332EE268 /* libPods.a */,
				10D615FA10254D7AEA18709A /* libPods-QMChatViewControllerExample.a */,
			);
			name = Frameworks;
			sourceTree = "<group>";
		};
		5BFB38554CE0E135BF8F05D1 /* Pods */ = {
			isa = PBXGroup;
			children = (
				6943465ED7A382057BB54F56 /* Pods-QMChatViewControllerExample.debug.xcconfig */,
				134208D0546FB610AF3719D7 /* Pods-QMChatViewControllerExample.release.xcconfig */,
			);
			name = Pods;
			sourceTree = "<group>";
		};
		BF53311B1B6F9036000B5409 /* QMChatViewControllerExample */ = {
			isa = PBXGroup;
			children = (
				BF53311C1B6F9036000B5409 /* AppDelegate.h */,
				BF53311D1B6F9036000B5409 /* AppDelegate.m */,
				BF53311E1B6F9036000B5409 /* LaunchScreen.xib */,
				BF5331201B6F9036000B5409 /* Main.storyboard */,
				BF5331221B6F9036000B5409 /* DemoChatViewController.h */,
				BF5331231B6F9036000B5409 /* DemoChatViewController.m */,
				BF5331281B6F9036000B5409 /* UIImage+fixOrientation.h */,
				BF5331291B6F9036000B5409 /* UIImage+fixOrientation.m */,
				BF5331241B6F9036000B5409 /* Images.xcassets */,
				BF5331251B6F9036000B5409 /* Info.plist */,
				BF5331261B6F9036000B5409 /* main.m */,
				BF5331271B6F9036000B5409 /* quickblox-image.png */,
			);
			path = QMChatViewControllerExample;
			sourceTree = "<group>";
		};
/* End PBXGroup section */

/* Begin PBXNativeTarget section */
		5501A77C1AD2DA8F00D0AE0D /* QMChatViewControllerExample */ = {
			isa = PBXNativeTarget;
			buildConfigurationList = 5501A7A31AD2DA9000D0AE0D /* Build configuration list for PBXNativeTarget "QMChatViewControllerExample" */;
			buildPhases = (
				160F28A3ADF7E411E5BC2B8B /* [CP] Check Pods Manifest.lock */,
				5501A7791AD2DA8F00D0AE0D /* Sources */,
				5501A77A1AD2DA8F00D0AE0D /* Frameworks */,
				5501A77B1AD2DA8F00D0AE0D /* Resources */,
				799015A3E649FE9ABFA7CA9B /* [CP] Copy Pods Resources */,
				B394BDD1C68AA86C187E94D9 /* [CP] Embed Pods Frameworks */,
			);
			buildRules = (
			);
			dependencies = (
			);
			name = QMChatViewControllerExample;
			productName = QMChat;
			productReference = 5501A77D1AD2DA8F00D0AE0D /* QMChatViewControllerExample.app */;
			productType = "com.apple.product-type.application";
		};
/* End PBXNativeTarget section */

/* Begin PBXProject section */
		5501A7751AD2DA8F00D0AE0D /* Project object */ = {
			isa = PBXProject;
			attributes = {
				LastUpgradeCheck = 0640;
				ORGANIZATIONNAME = "QuickBlox Team";
				TargetAttributes = {
					5501A77C1AD2DA8F00D0AE0D = {
						CreatedOnToolsVersion = 6.2;
					};
				};
			};
			buildConfigurationList = 5501A7781AD2DA8F00D0AE0D /* Build configuration list for PBXProject "QMChatViewControllerExample" */;
			compatibilityVersion = "Xcode 3.2";
			developmentRegion = English;
			hasScannedForEncodings = 0;
			knownRegions = (
				en,
				Base,
			);
			mainGroup = 5501A7741AD2DA8F00D0AE0D;
			productRefGroup = 5501A77E1AD2DA8F00D0AE0D /* Products */;
			projectDirPath = "";
			projectRoot = "";
			targets = (
				5501A77C1AD2DA8F00D0AE0D /* QMChatViewControllerExample */,
			);
		};
/* End PBXProject section */

/* Begin PBXResourcesBuildPhase section */
		5501A77B1AD2DA8F00D0AE0D /* Resources */ = {
			isa = PBXResourcesBuildPhase;
			buildActionMask = 2147483647;
			files = (
				BF5331311B6F9036000B5409 /* quickblox-image.png in Resources */,
				BF53312B1B6F9036000B5409 /* LaunchScreen.xib in Resources */,
				BF53312C1B6F9036000B5409 /* Main.storyboard in Resources */,
				BF53312E1B6F9036000B5409 /* Images.xcassets in Resources */,
				BF53312F1B6F9036000B5409 /* Info.plist in Resources */,
			);
			runOnlyForDeploymentPostprocessing = 0;
		};
/* End PBXResourcesBuildPhase section */

/* Begin PBXShellScriptBuildPhase section */
		160F28A3ADF7E411E5BC2B8B /* [CP] Check Pods Manifest.lock */ = {
			isa = PBXShellScriptBuildPhase;
			buildActionMask = 2147483647;
			files = (
			);
			inputPaths = (
			);
			name = "[CP] Check Pods Manifest.lock";
			outputPaths = (
			);
			runOnlyForDeploymentPostprocessing = 0;
			shellPath = /bin/sh;
			shellScript = "diff \"${PODS_ROOT}/../Podfile.lock\" \"${PODS_ROOT}/Manifest.lock\" > /dev/null\nif [ $? != 0 ] ; then\n    # print error to STDERR\n    echo \"error: The sandbox is not in sync with the Podfile.lock. Run 'pod install' or update your CocoaPods installation.\" >&2\n    exit 1\nfi\n";
			showEnvVarsInLog = 0;
		};
		799015A3E649FE9ABFA7CA9B /* [CP] Copy Pods Resources */ = {
			isa = PBXShellScriptBuildPhase;
			buildActionMask = 2147483647;
			files = (
			);
			inputPaths = (
			);
			name = "[CP] Copy Pods Resources";
			outputPaths = (
			);
			runOnlyForDeploymentPostprocessing = 0;
			shellPath = /bin/sh;
			shellScript = "\"${SRCROOT}/Pods/Target Support Files/Pods-QMChatViewControllerExample/Pods-QMChatViewControllerExample-resources.sh\"\n";
			showEnvVarsInLog = 0;
		};
		B394BDD1C68AA86C187E94D9 /* [CP] Embed Pods Frameworks */ = {
			isa = PBXShellScriptBuildPhase;
			buildActionMask = 2147483647;
			files = (
			);
			inputPaths = (
			);
			name = "[CP] Embed Pods Frameworks";
			outputPaths = (
			);
			runOnlyForDeploymentPostprocessing = 0;
			shellPath = /bin/sh;
			shellScript = "\"${SRCROOT}/Pods/Target Support Files/Pods-QMChatViewControllerExample/Pods-QMChatViewControllerExample-frameworks.sh\"\n";
			showEnvVarsInLog = 0;
		};
/* End PBXShellScriptBuildPhase section */

/* Begin PBXSourcesBuildPhase section */
		5501A7791AD2DA8F00D0AE0D /* Sources */ = {
			isa = PBXSourcesBuildPhase;
			buildActionMask = 2147483647;
			files = (
				BF53312D1B6F9036000B5409 /* DemoChatViewController.m in Sources */,
				BF5331321B6F9036000B5409 /* UIImage+fixOrientation.m in Sources */,
				BF5331301B6F9036000B5409 /* main.m in Sources */,
				BF53312A1B6F9036000B5409 /* AppDelegate.m in Sources */,
			);
			runOnlyForDeploymentPostprocessing = 0;
		};
/* End PBXSourcesBuildPhase section */

/* Begin PBXVariantGroup section */
		BF53311E1B6F9036000B5409 /* LaunchScreen.xib */ = {
			isa = PBXVariantGroup;
			children = (
				BF53311F1B6F9036000B5409 /* Base */,
			);
			name = LaunchScreen.xib;
			sourceTree = "<group>";
		};
		BF5331201B6F9036000B5409 /* Main.storyboard */ = {
			isa = PBXVariantGroup;
			children = (
				BF5331211B6F9036000B5409 /* Base */,
			);
			name = Main.storyboard;
			sourceTree = "<group>";
		};
/* End PBXVariantGroup section */

/* Begin XCBuildConfiguration section */
		5501A7A11AD2DA9000D0AE0D /* Debug */ = {
			isa = XCBuildConfiguration;
			buildSettings = {
				ALWAYS_SEARCH_USER_PATHS = NO;
				CLANG_CXX_LANGUAGE_STANDARD = "gnu++0x";
				CLANG_CXX_LIBRARY = "libc++";
				CLANG_ENABLE_MODULES = YES;
				CLANG_ENABLE_OBJC_ARC = YES;
				CLANG_WARN_BOOL_CONVERSION = YES;
				CLANG_WARN_CONSTANT_CONVERSION = YES;
				CLANG_WARN_DIRECT_OBJC_ISA_USAGE = YES_ERROR;
				CLANG_WARN_EMPTY_BODY = YES;
				CLANG_WARN_ENUM_CONVERSION = YES;
				CLANG_WARN_INT_CONVERSION = YES;
				CLANG_WARN_OBJC_ROOT_CLASS = YES_ERROR;
				CLANG_WARN_UNREACHABLE_CODE = YES;
				CLANG_WARN__DUPLICATE_METHOD_MATCH = YES;
				"CODE_SIGN_IDENTITY[sdk=iphoneos*]" = "iPhone Developer";
				COPY_PHASE_STRIP = NO;
				ENABLE_STRICT_OBJC_MSGSEND = YES;
				GCC_C_LANGUAGE_STANDARD = gnu99;
				GCC_DYNAMIC_NO_PIC = NO;
				GCC_OPTIMIZATION_LEVEL = 0;
				GCC_PREPROCESSOR_DEFINITIONS = (
					"DEBUG=1",
					"$(inherited)",
				);
				GCC_SYMBOLS_PRIVATE_EXTERN = NO;
				GCC_WARN_64_TO_32_BIT_CONVERSION = YES;
				GCC_WARN_ABOUT_RETURN_TYPE = YES_ERROR;
				GCC_WARN_UNDECLARED_SELECTOR = YES;
				GCC_WARN_UNINITIALIZED_AUTOS = YES_AGGRESSIVE;
				GCC_WARN_UNUSED_FUNCTION = YES;
				GCC_WARN_UNUSED_VARIABLE = YES;
				IPHONEOS_DEPLOYMENT_TARGET = 8.2;
				MTL_ENABLE_DEBUG_INFO = YES;
				ONLY_ACTIVE_ARCH = YES;
				SDKROOT = iphoneos;
			};
			name = Debug;
		};
		5501A7A21AD2DA9000D0AE0D /* Release */ = {
			isa = XCBuildConfiguration;
			buildSettings = {
				ALWAYS_SEARCH_USER_PATHS = NO;
				CLANG_CXX_LANGUAGE_STANDARD = "gnu++0x";
				CLANG_CXX_LIBRARY = "libc++";
				CLANG_ENABLE_MODULES = YES;
				CLANG_ENABLE_OBJC_ARC = YES;
				CLANG_WARN_BOOL_CONVERSION = YES;
				CLANG_WARN_CONSTANT_CONVERSION = YES;
				CLANG_WARN_DIRECT_OBJC_ISA_USAGE = YES_ERROR;
				CLANG_WARN_EMPTY_BODY = YES;
				CLANG_WARN_ENUM_CONVERSION = YES;
				CLANG_WARN_INT_CONVERSION = YES;
				CLANG_WARN_OBJC_ROOT_CLASS = YES_ERROR;
				CLANG_WARN_UNREACHABLE_CODE = YES;
				CLANG_WARN__DUPLICATE_METHOD_MATCH = YES;
				"CODE_SIGN_IDENTITY[sdk=iphoneos*]" = "iPhone Developer";
				COPY_PHASE_STRIP = NO;
				ENABLE_NS_ASSERTIONS = NO;
				ENABLE_STRICT_OBJC_MSGSEND = YES;
				GCC_C_LANGUAGE_STANDARD = gnu99;
				GCC_WARN_64_TO_32_BIT_CONVERSION = YES;
				GCC_WARN_ABOUT_RETURN_TYPE = YES_ERROR;
				GCC_WARN_UNDECLARED_SELECTOR = YES;
				GCC_WARN_UNINITIALIZED_AUTOS = YES_AGGRESSIVE;
				GCC_WARN_UNUSED_FUNCTION = YES;
				GCC_WARN_UNUSED_VARIABLE = YES;
				IPHONEOS_DEPLOYMENT_TARGET = 8.2;
				MTL_ENABLE_DEBUG_INFO = NO;
				SDKROOT = iphoneos;
				VALIDATE_PRODUCT = YES;
			};
			name = Release;
		};
		5501A7A41AD2DA9000D0AE0D /* Debug */ = {
			isa = XCBuildConfiguration;
			baseConfigurationReference = 6943465ED7A382057BB54F56 /* Pods-QMChatViewControllerExample.debug.xcconfig */;
			buildSettings = {
				ASSETCATALOG_COMPILER_APPICON_NAME = AppIcon;
				ASSETCATALOG_COMPILER_LAUNCHIMAGE_NAME = LaunchImage;
				FRAMEWORK_SEARCH_PATHS = "$(inherited)";
				HEADER_SEARCH_PATHS = (
					"$(inherited)",
					/Applications/Xcode.app/Contents/Developer/Toolchains/XcodeDefault.xctoolchain/usr/include,
					/usr/include/libxml2,
				);
				INFOPLIST_FILE = QMChatViewControllerExample/Info.plist;
				IPHONEOS_DEPLOYMENT_TARGET = 8.0;
				LD_RUNPATH_SEARCH_PATHS = "$(inherited) @executable_path/Frameworks";
				PRODUCT_NAME = QMChatViewControllerExample;
			};
			name = Debug;
		};
		5501A7A51AD2DA9000D0AE0D /* Release */ = {
			isa = XCBuildConfiguration;
			baseConfigurationReference = 134208D0546FB610AF3719D7 /* Pods-QMChatViewControllerExample.release.xcconfig */;
			buildSettings = {
				ASSETCATALOG_COMPILER_APPICON_NAME = AppIcon;
				ASSETCATALOG_COMPILER_LAUNCHIMAGE_NAME = LaunchImage;
				FRAMEWORK_SEARCH_PATHS = "$(inherited)";
				HEADER_SEARCH_PATHS = (
					"$(inherited)",
					/Applications/Xcode.app/Contents/Developer/Toolchains/XcodeDefault.xctoolchain/usr/include,
					/usr/include/libxml2,
				);
				INFOPLIST_FILE = QMChatViewControllerExample/Info.plist;
				IPHONEOS_DEPLOYMENT_TARGET = 8.0;
				LD_RUNPATH_SEARCH_PATHS = "$(inherited) @executable_path/Frameworks";
				PRODUCT_NAME = QMChatViewControllerExample;
			};
			name = Release;
		};
/* End XCBuildConfiguration section */

/* Begin XCConfigurationList section */
		5501A7781AD2DA8F00D0AE0D /* Build configuration list for PBXProject "QMChatViewControllerExample" */ = {
			isa = XCConfigurationList;
			buildConfigurations = (
				5501A7A11AD2DA9000D0AE0D /* Debug */,
				5501A7A21AD2DA9000D0AE0D /* Release */,
			);
			defaultConfigurationIsVisible = 0;
			defaultConfigurationName = Release;
		};
		5501A7A31AD2DA9000D0AE0D /* Build configuration list for PBXNativeTarget "QMChatViewControllerExample" */ = {
			isa = XCConfigurationList;
			buildConfigurations = (
				5501A7A41AD2DA9000D0AE0D /* Debug */,
				5501A7A51AD2DA9000D0AE0D /* Release */,
			);
			defaultConfigurationIsVisible = 0;
			defaultConfigurationName = Release;
		};
/* End XCConfigurationList section */
	};
	rootObject = 5501A7751AD2DA8F00D0AE0D /* Project object */;
}
