PODS:
  - QMChatViewController (0.1):
    - QMChatViewController/Categories (= 0.1)
    - QMChatViewController/KeyboardViewController (= 0.1)
    - QMChatViewController/Protocols (= 0.1)
    - QMChatViewController/Views (= 0.1)
    - QuickBlox (~> 2.3)
    - TTTAttributedLabel (~> 1.13)
  - QMChatViewController/Categories (0.1):
    - QuickBlox (~> 2.3)
    - TTTAttributedLabel (~> 1.13)
  - QMChatViewController/KeyboardViewController (0.1):
    - QuickBlox (~> 2.3)
    - TTTAttributedLabel (~> 1.13)
  - QMChatViewController/Protocols (0.1):
    - QuickBlox (~> 2.3)
    - TTTAttributedLabel (~> 1.13)
  - QMChatViewController/Views (0.1):
    - QuickBlox (~> 2.3)
    - TTTAttributedLabel (~> 1.13)
  - QuickBlox (2.3.0.3)
  - TTTAttributedLabel (1.13.4)

DEPENDENCIES:
  - QMChatViewController (from `https://github.com/QuickBlox/QMChatViewController-ios.git`,
    commit `cf1b06e4af322c4b6089466eaaed317aeb04c52d`)

EXTERNAL SOURCES:
  QMChatViewController:
    :commit: cf1b06e4af322c4b6089466eaaed317aeb04c52d
    :git: https://github.com/QuickBlox/QMChatViewController-ios.git

CHECKOUT OPTIONS:
  QMChatViewController:
    :commit: cf1b06e4af322c4b6089466eaaed317aeb04c52d
    :git: https://github.com/QuickBlox/QMChatViewController-ios.git

SPEC CHECKSUMS:
  QMChatViewController: b23f58bc15b183b77496be90e49687c1c1c4b119
  QuickBlox: 6e10bbefa89a00c26286557d248b16448ad334ef
  TTTAttributedLabel: 0a2ac7b2dd726d32a070dafb01446026b11e624f

COCOAPODS: 0.38.2
