PODS:
  - QMCVDevelopment (0.3):
    - QMCVDevelopment/Categories (= 0.3)
    - QMCVDevelopment/KeyboardViewController (= 0.3)
    - QMCVDevelopment/Protocols (= 0.3)
    - QMCVDevelopment/QMChatSection (= 0.3)
    - QMCVDevelopment/Utils (= 0.3)
    - QMCVDevelopment/Views (= 0.3)
    - SDWebImage (~> 3.6)
    - TTTAttributedLabel (~> 1.13)
  - QMCVDevelopment/Categories (0.3):
    - SDWebImage (~> 3.6)
    - TTTAttributedLabel (~> 1.13)
  - QMCVDevelopment/KeyboardViewController (0.3):
    - SDWebImage (~> 3.6)
    - TTTAttributedLabel (~> 1.13)
  - QMCVDevelopment/Protocols (0.3):
    - SDWebImage (~> 3.6)
    - TTTAttributedLabel (~> 1.13)
  - QMCVDevelopment/QMChatSection (0.3):
    - SDWebImage (~> 3.6)
    - TTTAttributedLabel (~> 1.13)
  - QMCVDevelopment/Utils (0.3):
    - SDWebImage (~> 3.6)
    - TTTAttributedLabel (~> 1.13)
  - QMCVDevelopment/Views (0.3):
    - QMCVDevelopment/Categories
    - QMCVDevelopment/Protocols
    - SDWebImage (~> 3.6)
    - TTTAttributedLabel (~> 1.13)
  - QuickBlox (2.5)
  - SDWebImage (3.7.3):
    - SDWebImage/Core (= 3.7.3)
  - SDWebImage/Core (3.7.3)
  - TTTAttributedLabel (1.13.4)

DEPENDENCIES:
  - QMCVDevelopment (from `../`)
  - QuickBlox

EXTERNAL SOURCES:
  QMCVDevelopment:
    :path: ../

SPEC CHECKSUMS:
  QMCVDevelopment: 9cc22f03f3d6e1c931a818693bc3c5db01aa422d
  QuickBlox: 631deb7682f4425833ad45468ddbcc7c7454c028
  SDWebImage: 1d2b1a1efda1ade1b00b6f8498865f8ddedc8a84
  TTTAttributedLabel: 0a2ac7b2dd726d32a070dafb01446026b11e624f

COCOAPODS: 0.39.0
